
Microsoft Visual Studio Solution File, Format Version 12.00
# Visual Studio Version 16
VisualStudioVersion = 16.0.31005.135
MinimumVisualStudioVersion = 10.0.40219.1
Project("{FAE04EC0-301F-11D3-BF4B-00C04F79EFBC}") = "SkillsInternational", "SkillsInternational\SkillsInternational.csproj", "{D8CD2982-1603-4034-9EBD-9312C5375677}"
EndProject
Global
	GlobalSection(SolutionConfigurationPlatforms) = preSolution
		Debug|Any CPU = Debug|Any CPU
		Release|Any CPU = Release|Any CPU
	EndGlobalSection
	GlobalSection(ProjectConfigurationPlatforms) = postSolution
		{D8CD2982-1603-4034-9EBD-9312C5375677}.Debug|Any CPU.ActiveCfg = Debug|Any CPU
		{D8CD2982-1603-4034-9EBD-9312C5375677}.Debug|Any CPU.Build.0 = Debug|Any CPU
		{D8CD2982-1603-4034-9EBD-9312C5375677}.Release|Any CPU.ActiveCfg = Release|Any CPU
		{D8CD2982-1603-4034-9EBD-9312C5375677}.Release|Any CPU.Build.0 = Release|Any CPU
	EndGlobalSection
	GlobalSection(SolutionProperties) = preSolution
		HideSolutionNode = FALSE
	EndGlobalSection
	GlobalSection(ExtensibilityGlobals) = postSolution
		SolutionGuid = {FE8C8F96-FFFD-4BA5-A774-61B1D36789E4}
	EndGlobalSection
EndGlobal
